<?xml version='1.0' encoding='utf-8'?>
<OpenIOC xmlns:xsd="http://www.w3.org/2001/XMLSchema" xmlns:xsi="http://www.w3.org/2001/XMLSchema-instance" xmlns="http://openioc.org/schemas/OpenIOC_1.1" id="6d041192-3b8d-4435-bd95-0dd13c85066e" last-modified="2020-11-04T01:09:55Z" published-date="0001-01-01T00:00:00">
  <metadata>
    <short_description>SAFETYKATZ (CREDENTIAL STEALER)</short_description>
    <description>SafetyKatz is a combination of slightly modified version of Mimikatz project and .NET PE Loader. This is associated with MITRE ATT&amp;CK (r) Tactic(s): Credential Access and Technique(s): T1003.001.</description>
    <authored_by>FireEye</authored_by>
    <authored_date>2018-08-01T16:19:14Z</authored_date>
    <links></links>
  </metadata>
  <criteria>
    <Indicator operator="OR" id="85f95903-793d-454e-a751-92db1b9af326">
      <IndicatorItem id="2a172706-f259-4a97-b181-1533f1c5a44a" condition="is" preserve-case="false" negate="false">
        <Context document="FileItem" search="FileItem/Md5sum" type="mir"/>
        <Content type="md5">d2b73bc477e7ca6700ecd44654ccf8d4</Content>
      </IndicatorItem>
      <Indicator operator="AND" id="592bcc18-c74a-4a39-b268-2f9b4a63afdc">
        <IndicatorItem id="73c9f0e1-d745-4cb9-ae7b-07c891ea055e" condition="is" preserve-case="false" negate="false">
          <Context document="fileWriteEvent" search="fileWriteEvent/fileName" type="event"/>
          <Content type="string">debug.bin</Content>
        </IndicatorItem>
        <IndicatorItem id="1864ad4e-0cc4-43a5-8188-cf47d3bf638a" condition="contains" preserve-case="false" negate="false">
          <Context document="fileWriteEvent" search="fileWriteEvent/filePath" type="event"/>
          <Content type="string">Windows\Temp</Content>
        </IndicatorItem>
        <IndicatorItem id="2174df17-413b-4054-b32b-98a403e10117" condition="starts-with" preserve-case="false" negate="false">
          <Context document="fileWriteEvent" search="fileWriteEvent/textAtLowestOffset" type="event"/>
          <Content type="string">MDMP</Content>
        </IndicatorItem>
      </Indicator>
      <Indicator operator="AND" id="b0e97988-fd2d-4763-a276-ed84e146d9d8">
        <IndicatorItem id="e39911e2-53fe-4ee5-a6a8-22ea6a7daa9b" condition="contains" preserve-case="false" negate="false">
          <Context document="FileItem" search="FileItem/FileName" type="mir"/>
          <Content type="string">safetykatz</Content>
        </IndicatorItem>
        <IndicatorItem id="a62431fc-1958-438a-b607-79f8641f4604" condition="contains" preserve-case="false" negate="true">
          <Context document="FileItem" search="FileItem/FullPath" type="mir"/>
          <Content type="string">\signatures\sigma</Content>
        </IndicatorItem>
        <IndicatorItem id="2d46aa08-bce7-4513-b97b-31a589a08b18" condition="contains" preserve-case="false" negate="true">
          <Context document="FileItem" search="FileItem/FullPath" type="mir"/>
          <Content type="string">\sigma\rules\</Content>
        </IndicatorItem>
      </Indicator>
    </Indicator>
  </criteria>
  <parameters/>
</OpenIOC>