<?xml version="1.0" encoding="utf-8"?>
<!-- Copyright 2020 by FireEye, Inc.
     You may not use this file except in compliance with the license. The license should have been received with this file. You may obtain a copy of the license at:
     https://github.com/fireeye/red_team_tool_countermeasures/blob/master/LICENSE.txt
  -->
<OpenIOC xmlns:xsd="http://www.w3.org/2001/XMLSchema" xmlns:xsi="http://www.w3.org/2001/XMLSchema-instance" id="c221bf61-c30e-48c7-b91f-b507e426bdd9" last-modified="2020-12-02T06:54:46Z" published-date="0001-01-01T00:00:00" xmlns="http://openioc.org/schemas/OpenIOC_1.1">
  <metadata>
    <short_description>ADPASSHUNT (CREDENTIAL STEALER)</short_description>
    <description>This IOC detects indicators associated with the ADPassHunt Tool. This tool is used to hunt for AD credentials and used via execute-assembly that looks for passwords in GPP, Autoruns and AD objects.  This is associated with MITRE ATT&amp;CK (r) Tactic(s): Credential Access and Technique(s): T1003.003, T1552.006.</description>
    <authored_by>FireEye</authored_by>
    <authored_date>2020-11-27T17:01:32Z</authored_date>
    <links></links>
  </metadata>
  <criteria>
    <Indicator operator="OR" id="ab7d59c9-f24a-4c49-921b-2186af5890d4">
      <Indicator operator="AND" id="89fa0718-e11d-4294-b2a3-419e88ba6b49">
        <IndicatorItem id="c8279f3c-409d-40bf-a5a3-79e83291a1fb" condition="is" preserve-case="false" negate="false">
          <Context document="processEvent" search="processEvent/process" type="event" />
          <Content type="string">ADPassHunt.exe</Content>
        </IndicatorItem>
        <IndicatorItem id="ecba2f4b-f96d-445a-848e-85b2ad464b0a" condition="contains" preserve-case="false" negate="false">
          <Context document="processEvent" search="processEvent/processCmdLine" type="event" />
          <Content type="string">-dc </Content>
        </IndicatorItem>
        <IndicatorItem id="d9d9729c-d121-4e3f-bd40-2039ef1d1de1" condition="contains" preserve-case="false" negate="false">
          <Context document="processEvent" search="processEvent/processCmdLine" type="event" />
          <Content type="string">-domain </Content>
        </IndicatorItem>
        <IndicatorItem id="bcc5e688-f6e8-4815-916b-8fd5e6056291" condition="contains" preserve-case="false" negate="false">
          <Context document="processEvent" search="processEvent/processCmdLine" type="event" />
          <Content type="string">-action </Content>
        </IndicatorItem>
        <IndicatorItem id="65cfa237-798a-4036-8da4-1c2d72de57ba" condition="is" preserve-case="false" negate="false">
          <Context document="processEvent" search="processEvent/eventType" type="event" />
          <Content type="string">start</Content>
        </IndicatorItem>
        <Indicator operator="OR" id="cec67243-88f3-47fd-a38b-1e92149765ed">
          <IndicatorItem id="55289f11-33ae-4163-9f3a-261657984c9e" condition="ends-with" preserve-case="false" negate="false">
            <Context document="processEvent" search="processEvent/processCmdLine" type="event" />
            <Content type="string">gpp</Content>
          </IndicatorItem>
          <IndicatorItem id="e321f3b3-beba-448c-a80c-cdbbb97eed2e" condition="ends-with" preserve-case="false" negate="false">
            <Context document="processEvent" search="processEvent/processCmdLine" type="event" />
            <Content type="string">ad</Content>
          </IndicatorItem>
        </Indicator>
      </Indicator>
    </Indicator>
  </criteria>
  <parameters />
</OpenIOC>